
Microsoft Visual Studio Solution File, Format Version 12.00
# Visual Studio 14
VisualStudioVersion = 14.0.25420.1
MinimumVisualStudioVersion = 10.0.40219.1
Project("{FAE04EC0-301F-11D3-BF4B-00C04F79EFBC}") = "XamarinCalc", "XamarinCalc\XamarinCalc\XamarinCalc.csproj", "{131B2D2F-1D49-41EB-B996-907C036D7718}"
EndProject
Project("{FAE04EC0-301F-11D3-BF4B-00C04F79EFBC}") = "XamarinCalc.Droid", "XamarinCalc\XamarinCalc.Droid\XamarinCalc.Droid.csproj", "{F756F379-F1F4-458B-974F-5F20B5C52820}"
EndProject
Project("{FAE04EC0-301F-11D3-BF4B-00C04F79EFBC}") = "XamarinCalc.iOS", "XamarinCalc\XamarinCalc.iOS\XamarinCalc.iOS.csproj", "{4763B57B-E1B9-4DAD-AB08-EB6096E41109}"
EndProject
Project("{FAE04EC0-301F-11D3-BF4B-00C04F79EFBC}") = "XamarinCalc.WinPhone", "XamarinCalc\XamarinCalc.WinPhone\XamarinCalc.WinPhone.csproj", "{A86CBBFE-C1C4-44A1-B538-05DCB0DFE219}"
EndProject
Project("{FAE04EC0-301F-11D3-BF4B-00C04F79EFBC}") = "XamarinCalc.UWP", "XamarinCalc\XamarinCalc.UWP\XamarinCalc.UWP.csproj", "{0993CAE9-D8B2-4E4D-B165-13AB16499099}"
EndProject
Project("{FAE04EC0-301F-11D3-BF4B-00C04F79EFBC}") = "XamarinCalc.Windows", "XamarinCalc\XamarinCalc.Windows\XamarinCalc.Windows.csproj", "{CF8705F0-3650-4EC3-A4AB-05ADA012567A}"
EndProject
Global
	GlobalSection(SolutionConfigurationPlatforms) = preSolution
		Ad-Hoc|Any CPU = Ad-Hoc|Any CPU
		Ad-Hoc|ARM = Ad-Hoc|ARM
		Ad-Hoc|iPhone = Ad-Hoc|iPhone
		Ad-Hoc|iPhoneSimulator = Ad-Hoc|iPhoneSimulator
		Ad-Hoc|x64 = Ad-Hoc|x64
		Ad-Hoc|x86 = Ad-Hoc|x86
		AppStore|Any CPU = AppStore|Any CPU
		AppStore|ARM = AppStore|ARM
		AppStore|iPhone = AppStore|iPhone
		AppStore|iPhoneSimulator = AppStore|iPhoneSimulator
		AppStore|x64 = AppStore|x64
		AppStore|x86 = AppStore|x86
		Debug|Any CPU = Debug|Any CPU
		Debug|ARM = Debug|ARM
		Debug|iPhone = Debug|iPhone
		Debug|iPhoneSimulator = Debug|iPhoneSimulator
		Debug|x64 = Debug|x64
		Debug|x86 = Debug|x86
		Release|Any CPU = Release|Any CPU
		Release|ARM = Release|ARM
		Release|iPhone = Release|iPhone
		Release|iPhoneSimulator = Release|iPhoneSimulator
		Release|x64 = Release|x64
		Release|x86 = Release|x86
	EndGlobalSection
	GlobalSection(ProjectConfigurationPlatforms) = postSolution
		{131B2D2F-1D49-41EB-B996-907C036D7718}.Ad-Hoc|Any CPU.ActiveCfg = Release|Any CPU
		{131B2D2F-1D49-41EB-B996-907C036D7718}.Ad-Hoc|Any CPU.Build.0 = Release|Any CPU
		{131B2D2F-1D49-41EB-B996-907C036D7718}.Ad-Hoc|ARM.ActiveCfg = Release|Any CPU
		{131B2D2F-1D49-41EB-B996-907C036D7718}.Ad-Hoc|ARM.Build.0 = Release|Any CPU
		{131B2D2F-1D49-41EB-B996-907C036D7718}.Ad-Hoc|iPhone.ActiveCfg = Release|Any CPU
		{131B2D2F-1D49-41EB-B996-907C036D7718}.Ad-Hoc|iPhone.Build.0 = Release|Any CPU
		{131B2D2F-1D49-41EB-B996-907C036D7718}.Ad-Hoc|iPhoneSimulator.ActiveCfg = Release|Any CPU
		{131B2D2F-1D49-41EB-B996-907C036D7718}.Ad-Hoc|iPhoneSimulator.Build.0 = Release|Any CPU
		{131B2D2F-1D49-41EB-B996-907C036D7718}.Ad-Hoc|x64.ActiveCfg = Release|Any CPU
		{131B2D2F-1D49-41EB-B996-907C036D7718}.Ad-Hoc|x64.Build.0 = Release|Any CPU
		{131B2D2F-1D49-41EB-B996-907C036D7718}.Ad-Hoc|x86.ActiveCfg = Release|Any CPU
		{131B2D2F-1D49-41EB-B996-907C036D7718}.Ad-Hoc|x86.Build.0 = Release|Any CPU
		{131B2D2F-1D49-41EB-B996-907C036D7718}.AppStore|Any CPU.ActiveCfg = Release|Any CPU
		{131B2D2F-1D49-41EB-B996-907C036D7718}.AppStore|Any CPU.Build.0 = Release|Any CPU
		{131B2D2F-1D49-41EB-B996-907C036D7718}.AppStore|ARM.ActiveCfg = Release|Any CPU
		{131B2D2F-1D49-41EB-B996-907C036D7718}.AppStore|ARM.Build.0 = Release|Any CPU
		{131B2D2F-1D49-41EB-B996-907C036D7718}.AppStore|iPhone.ActiveCfg = Release|Any CPU
		{131B2D2F-1D49-41EB-B996-907C036D7718}.AppStore|iPhone.Build.0 = Release|Any CPU
		{131B2D2F-1D49-41EB-B996-907C036D7718}.AppStore|iPhoneSimulator.ActiveCfg = Release|Any CPU
		{131B2D2F-1D49-41EB-B996-907C036D7718}.AppStore|iPhoneSimulator.Build.0 = Release|Any CPU
		{131B2D2F-1D49-41EB-B996-907C036D7718}.AppStore|x64.ActiveCfg = Release|Any CPU
		{131B2D2F-1D49-41EB-B996-907C036D7718}.AppStore|x64.Build.0 = Release|Any CPU
		{131B2D2F-1D49-41EB-B996-907C036D7718}.AppStore|x86.ActiveCfg = Release|Any CPU
		{131B2D2F-1D49-41EB-B996-907C036D7718}.AppStore|x86.Build.0 = Release|Any CPU
		{131B2D2F-1D49-41EB-B996-907C036D7718}.Debug|Any CPU.ActiveCfg = Debug|Any CPU
		{131B2D2F-1D49-41EB-B996-907C036D7718}.Debug|Any CPU.Build.0 = Debug|Any CPU
		{131B2D2F-1D49-41EB-B996-907C036D7718}.Debug|ARM.ActiveCfg = Debug|Any CPU
		{131B2D2F-1D49-41EB-B996-907C036D7718}.Debug|ARM.Build.0 = Debug|Any CPU
		{131B2D2F-1D49-41EB-B996-907C036D7718}.Debug|iPhone.ActiveCfg = Debug|Any CPU
		{131B2D2F-1D49-41EB-B996-907C036D7718}.Debug|iPhone.Build.0 = Debug|Any CPU
		{131B2D2F-1D49-41EB-B996-907C036D7718}.Debug|iPhoneSimulator.ActiveCfg = Debug|Any CPU
		{131B2D2F-1D49-41EB-B996-907C036D7718}.Debug|iPhoneSimulator.Build.0 = Debug|Any CPU
		{131B2D2F-1D49-41EB-B996-907C036D7718}.Debug|x64.ActiveCfg = Debug|Any CPU
		{131B2D2F-1D49-41EB-B996-907C036D7718}.Debug|x64.Build.0 = Debug|Any CPU
		{131B2D2F-1D49-41EB-B996-907C036D7718}.Debug|x86.ActiveCfg = Debug|Any CPU
		{131B2D2F-1D49-41EB-B996-907C036D7718}.Debug|x86.Build.0 = Debug|Any CPU
		{131B2D2F-1D49-41EB-B996-907C036D7718}.Release|Any CPU.ActiveCfg = Release|Any CPU
		{131B2D2F-1D49-41EB-B996-907C036D7718}.Release|Any CPU.Build.0 = Release|Any CPU
		{131B2D2F-1D49-41EB-B996-907C036D7718}.Release|ARM.ActiveCfg = Release|Any CPU
		{131B2D2F-1D49-41EB-B996-907C036D7718}.Release|ARM.Build.0 = Release|Any CPU
		{131B2D2F-1D49-41EB-B996-907C036D7718}.Release|iPhone.ActiveCfg = Release|Any CPU
		{131B2D2F-1D49-41EB-B996-907C036D7718}.Release|iPhone.Build.0 = Release|Any CPU
		{131B2D2F-1D49-41EB-B996-907C036D7718}.Release|iPhoneSimulator.ActiveCfg = Release|Any CPU
		{131B2D2F-1D49-41EB-B996-907C036D7718}.Release|iPhoneSimulator.Build.0 = Release|Any CPU
		{131B2D2F-1D49-41EB-B996-907C036D7718}.Release|x64.ActiveCfg = Release|Any CPU
		{131B2D2F-1D49-41EB-B996-907C036D7718}.Release|x64.Build.0 = Release|Any CPU
		{131B2D2F-1D49-41EB-B996-907C036D7718}.Release|x86.ActiveCfg = Release|Any CPU
		{131B2D2F-1D49-41EB-B996-907C036D7718}.Release|x86.Build.0 = Release|Any CPU
		{F756F379-F1F4-458B-974F-5F20B5C52820}.Ad-Hoc|Any CPU.ActiveCfg = Release|Any CPU
		{F756F379-F1F4-458B-974F-5F20B5C52820}.Ad-Hoc|Any CPU.Build.0 = Release|Any CPU
		{F756F379-F1F4-458B-974F-5F20B5C52820}.Ad-Hoc|Any CPU.Deploy.0 = Release|Any CPU
		{F756F379-F1F4-458B-974F-5F20B5C52820}.Ad-Hoc|ARM.ActiveCfg = Release|Any CPU
		{F756F379-F1F4-458B-974F-5F20B5C52820}.Ad-Hoc|ARM.Build.0 = Release|Any CPU
		{F756F379-F1F4-458B-974F-5F20B5C52820}.Ad-Hoc|ARM.Deploy.0 = Release|Any CPU
		{F756F379-F1F4-458B-974F-5F20B5C52820}.Ad-Hoc|iPhone.ActiveCfg = Release|Any CPU
		{F756F379-F1F4-458B-974F-5F20B5C52820}.Ad-Hoc|iPhone.Build.0 = Release|Any CPU
		{F756F379-F1F4-458B-974F-5F20B5C52820}.Ad-Hoc|iPhone.Deploy.0 = Release|Any CPU
		{F756F379-F1F4-458B-974F-5F20B5C52820}.Ad-Hoc|iPhoneSimulator.ActiveCfg = Release|Any CPU
		{F756F379-F1F4-458B-974F-5F20B5C52820}.Ad-Hoc|iPhoneSimulator.Build.0 = Release|Any CPU
		{F756F379-F1F4-458B-974F-5F20B5C52820}.Ad-Hoc|iPhoneSimulator.Deploy.0 = Release|Any CPU
		{F756F379-F1F4-458B-974F-5F20B5C52820}.Ad-Hoc|x64.ActiveCfg = Release|Any CPU
		{F756F379-F1F4-458B-974F-5F20B5C52820}.Ad-Hoc|x64.Build.0 = Release|Any CPU
		{F756F379-F1F4-458B-974F-5F20B5C52820}.Ad-Hoc|x64.Deploy.0 = Release|Any CPU
		{F756F379-F1F4-458B-974F-5F20B5C52820}.Ad-Hoc|x86.ActiveCfg = Release|Any CPU
		{F756F379-F1F4-458B-974F-5F20B5C52820}.Ad-Hoc|x86.Build.0 = Release|Any CPU
		{F756F379-F1F4-458B-974F-5F20B5C52820}.Ad-Hoc|x86.Deploy.0 = Release|Any CPU
		{F756F379-F1F4-458B-974F-5F20B5C52820}.AppStore|Any CPU.ActiveCfg = Release|Any CPU
		{F756F379-F1F4-458B-974F-5F20B5C52820}.AppStore|Any CPU.Build.0 = Release|Any CPU
		{F756F379-F1F4-458B-974F-5F20B5C52820}.AppStore|Any CPU.Deploy.0 = Release|Any CPU
		{F756F379-F1F4-458B-974F-5F20B5C52820}.AppStore|ARM.ActiveCfg = Release|Any CPU
		{F756F379-F1F4-458B-974F-5F20B5C52820}.AppStore|ARM.Build.0 = Release|Any CPU
		{F756F379-F1F4-458B-974F-5F20B5C52820}.AppStore|ARM.Deploy.0 = Release|Any CPU
		{F756F379-F1F4-458B-974F-5F20B5C52820}.AppStore|iPhone.ActiveCfg = Release|Any CPU
		{F756F379-F1F4-458B-974F-5F20B5C52820}.AppStore|iPhone.Build.0 = Release|Any CPU
		{F756F379-F1F4-458B-974F-5F20B5C52820}.AppStore|iPhone.Deploy.0 = Release|Any CPU
		{F756F379-F1F4-458B-974F-5F20B5C52820}.AppStore|iPhoneSimulator.ActiveCfg = Release|Any CPU
		{F756F379-F1F4-458B-974F-5F20B5C52820}.AppStore|iPhoneSimulator.Build.0 = Release|Any CPU
		{F756F379-F1F4-458B-974F-5F20B5C52820}.AppStore|iPhoneSimulator.Deploy.0 = Release|Any CPU
		{F756F379-F1F4-458B-974F-5F20B5C52820}.AppStore|x64.ActiveCfg = Release|Any CPU
		{F756F379-F1F4-458B-974F-5F20B5C52820}.AppStore|x64.Build.0 = Release|Any CPU
		{F756F379-F1F4-458B-974F-5F20B5C52820}.AppStore|x64.Deploy.0 = Release|Any CPU
		{F756F379-F1F4-458B-974F-5F20B5C52820}.AppStore|x86.ActiveCfg = Release|Any CPU
		{F756F379-F1F4-458B-974F-5F20B5C52820}.AppStore|x86.Build.0 = Release|Any CPU
		{F756F379-F1F4-458B-974F-5F20B5C52820}.AppStore|x86.Deploy.0 = Release|Any CPU
		{F756F379-F1F4-458B-974F-5F20B5C52820}.Debug|Any CPU.ActiveCfg = Debug|Any CPU
		{F756F379-F1F4-458B-974F-5F20B5C52820}.Debug|Any CPU.Build.0 = Debug|Any CPU
		{F756F379-F1F4-458B-974F-5F20B5C52820}.Debug|Any CPU.Deploy.0 = Debug|Any CPU
		{F756F379-F1F4-458B-974F-5F20B5C52820}.Debug|ARM.ActiveCfg = Debug|Any CPU
		{F756F379-F1F4-458B-974F-5F20B5C52820}.Debug|ARM.Build.0 = Debug|Any CPU
		{F756F379-F1F4-458B-974F-5F20B5C52820}.Debug|ARM.Deploy.0 = Debug|Any CPU
		{F756F379-F1F4-458B-974F-5F20B5C52820}.Debug|iPhone.ActiveCfg = Debug|Any CPU
		{F756F379-F1F4-458B-974F-5F20B5C52820}.Debug|iPhone.Build.0 = Debug|Any CPU
		{F756F379-F1F4-458B-974F-5F20B5C52820}.Debug|iPhone.Deploy.0 = Debug|Any CPU
		{F756F379-F1F4-458B-974F-5F20B5C52820}.Debug|iPhoneSimulator.ActiveCfg = Debug|Any CPU
		{F756F379-F1F4-458B-974F-5F20B5C52820}.Debug|iPhoneSimulator.Build.0 = Debug|Any CPU
		{F756F379-F1F4-458B-974F-5F20B5C52820}.Debug|iPhoneSimulator.Deploy.0 = Debug|Any CPU
		{F756F379-F1F4-458B-974F-5F20B5C52820}.Debug|x64.ActiveCfg = Debug|Any CPU
		{F756F379-F1F4-458B-974F-5F20B5C52820}.Debug|x64.Build.0 = Debug|Any CPU
		{F756F379-F1F4-458B-974F-5F20B5C52820}.Debug|x64.Deploy.0 = Debug|Any CPU
		{F756F379-F1F4-458B-974F-5F20B5C52820}.Debug|x86.ActiveCfg = Debug|Any CPU
		{F756F379-F1F4-458B-974F-5F20B5C52820}.Debug|x86.Build.0 = Debug|Any CPU
		{F756F379-F1F4-458B-974F-5F20B5C52820}.Debug|x86.Deploy.0 = Debug|Any CPU
		{F756F379-F1F4-458B-974F-5F20B5C52820}.Release|Any CPU.ActiveCfg = Release|Any CPU
		{F756F379-F1F4-458B-974F-5F20B5C52820}.Release|Any CPU.Build.0 = Release|Any CPU
		{F756F379-F1F4-458B-974F-5F20B5C52820}.Release|Any CPU.Deploy.0 = Release|Any CPU
		{F756F379-F1F4-458B-974F-5F20B5C52820}.Release|ARM.ActiveCfg = Release|Any CPU
		{F756F379-F1F4-458B-974F-5F20B5C52820}.Release|ARM.Build.0 = Release|Any CPU
		{F756F379-F1F4-458B-974F-5F20B5C52820}.Release|ARM.Deploy.0 = Release|Any CPU
		{F756F379-F1F4-458B-974F-5F20B5C52820}.Release|iPhone.ActiveCfg = Release|Any CPU
		{F756F379-F1F4-458B-974F-5F20B5C52820}.Release|iPhone.Build.0 = Release|Any CPU
		{F756F379-F1F4-458B-974F-5F20B5C52820}.Release|iPhone.Deploy.0 = Release|Any CPU
		{F756F379-F1F4-458B-974F-5F20B5C52820}.Release|iPhoneSimulator.ActiveCfg = Release|Any CPU
		{F756F379-F1F4-458B-974F-5F20B5C52820}.Release|iPhoneSimulator.Build.0 = Release|Any CPU
		{F756F379-F1F4-458B-974F-5F20B5C52820}.Release|iPhoneSimulator.Deploy.0 = Release|Any CPU
		{F756F379-F1F4-458B-974F-5F20B5C52820}.Release|x64.ActiveCfg = Release|Any CPU
		{F756F379-F1F4-458B-974F-5F20B5C52820}.Release|x64.Build.0 = Release|Any CPU
		{F756F379-F1F4-458B-974F-5F20B5C52820}.Release|x64.Deploy.0 = Release|Any CPU
		{F756F379-F1F4-458B-974F-5F20B5C52820}.Release|x86.ActiveCfg = Release|Any CPU
		{F756F379-F1F4-458B-974F-5F20B5C52820}.Release|x86.Build.0 = Release|Any CPU
		{F756F379-F1F4-458B-974F-5F20B5C52820}.Release|x86.Deploy.0 = Release|Any CPU
		{4763B57B-E1B9-4DAD-AB08-EB6096E41109}.Ad-Hoc|Any CPU.ActiveCfg = Ad-Hoc|iPhone
		{4763B57B-E1B9-4DAD-AB08-EB6096E41109}.Ad-Hoc|ARM.ActiveCfg = Ad-Hoc|iPhone
		{4763B57B-E1B9-4DAD-AB08-EB6096E41109}.Ad-Hoc|iPhone.ActiveCfg = Ad-Hoc|iPhone
		{4763B57B-E1B9-4DAD-AB08-EB6096E41109}.Ad-Hoc|iPhone.Build.0 = Ad-Hoc|iPhone
		{4763B57B-E1B9-4DAD-AB08-EB6096E41109}.Ad-Hoc|iPhoneSimulator.ActiveCfg = Ad-Hoc|iPhoneSimulator
		{4763B57B-E1B9-4DAD-AB08-EB6096E41109}.Ad-Hoc|iPhoneSimulator.Build.0 = Ad-Hoc|iPhoneSimulator
		{4763B57B-E1B9-4DAD-AB08-EB6096E41109}.Ad-Hoc|x64.ActiveCfg = Ad-Hoc|iPhone
		{4763B57B-E1B9-4DAD-AB08-EB6096E41109}.Ad-Hoc|x86.ActiveCfg = Ad-Hoc|iPhone
		{4763B57B-E1B9-4DAD-AB08-EB6096E41109}.AppStore|Any CPU.ActiveCfg = AppStore|iPhone
		{4763B57B-E1B9-4DAD-AB08-EB6096E41109}.AppStore|ARM.ActiveCfg = AppStore|iPhone
		{4763B57B-E1B9-4DAD-AB08-EB6096E41109}.AppStore|iPhone.ActiveCfg = AppStore|iPhone
		{4763B57B-E1B9-4DAD-AB08-EB6096E41109}.AppStore|iPhone.Build.0 = AppStore|iPhone
		{4763B57B-E1B9-4DAD-AB08-EB6096E41109}.AppStore|iPhoneSimulator.ActiveCfg = AppStore|iPhoneSimulator
		{4763B57B-E1B9-4DAD-AB08-EB6096E41109}.AppStore|iPhoneSimulator.Build.0 = AppStore|iPhoneSimulator
		{4763B57B-E1B9-4DAD-AB08-EB6096E41109}.AppStore|x64.ActiveCfg = AppStore|iPhone
		{4763B57B-E1B9-4DAD-AB08-EB6096E41109}.AppStore|x86.ActiveCfg = AppStore|iPhone
		{4763B57B-E1B9-4DAD-AB08-EB6096E41109}.Debug|Any CPU.ActiveCfg = Debug|iPhone
		{4763B57B-E1B9-4DAD-AB08-EB6096E41109}.Debug|ARM.ActiveCfg = Debug|iPhone
		{4763B57B-E1B9-4DAD-AB08-EB6096E41109}.Debug|iPhone.ActiveCfg = Debug|iPhone
		{4763B57B-E1B9-4DAD-AB08-EB6096E41109}.Debug|iPhone.Build.0 = Debug|iPhone
		{4763B57B-E1B9-4DAD-AB08-EB6096E41109}.Debug|iPhoneSimulator.ActiveCfg = Debug|iPhoneSimulator
		{4763B57B-E1B9-4DAD-AB08-EB6096E41109}.Debug|iPhoneSimulator.Build.0 = Debug|iPhoneSimulator
		{4763B57B-E1B9-4DAD-AB08-EB6096E41109}.Debug|x64.ActiveCfg = Debug|iPhone
		{4763B57B-E1B9-4DAD-AB08-EB6096E41109}.Debug|x86.ActiveCfg = Debug|iPhone
		{4763B57B-E1B9-4DAD-AB08-EB6096E41109}.Release|Any CPU.ActiveCfg = Release|iPhone
		{4763B57B-E1B9-4DAD-AB08-EB6096E41109}.Release|ARM.ActiveCfg = Release|iPhone
		{4763B57B-E1B9-4DAD-AB08-EB6096E41109}.Release|iPhone.ActiveCfg = Release|iPhone
		{4763B57B-E1B9-4DAD-AB08-EB6096E41109}.Release|iPhone.Build.0 = Release|iPhone
		{4763B57B-E1B9-4DAD-AB08-EB6096E41109}.Release|iPhoneSimulator.ActiveCfg = Release|iPhoneSimulator
		{4763B57B-E1B9-4DAD-AB08-EB6096E41109}.Release|iPhoneSimulator.Build.0 = Release|iPhoneSimulator
		{4763B57B-E1B9-4DAD-AB08-EB6096E41109}.Release|x64.ActiveCfg = Release|iPhone
		{4763B57B-E1B9-4DAD-AB08-EB6096E41109}.Release|x86.ActiveCfg = Release|iPhone
		{A86CBBFE-C1C4-44A1-B538-05DCB0DFE219}.Ad-Hoc|Any CPU.ActiveCfg = Release|Any CPU
		{A86CBBFE-C1C4-44A1-B538-05DCB0DFE219}.Ad-Hoc|Any CPU.Build.0 = Release|Any CPU
		{A86CBBFE-C1C4-44A1-B538-05DCB0DFE219}.Ad-Hoc|Any CPU.Deploy.0 = Release|Any CPU
		{A86CBBFE-C1C4-44A1-B538-05DCB0DFE219}.Ad-Hoc|ARM.ActiveCfg = Release|ARM
		{A86CBBFE-C1C4-44A1-B538-05DCB0DFE219}.Ad-Hoc|ARM.Build.0 = Release|ARM
		{A86CBBFE-C1C4-44A1-B538-05DCB0DFE219}.Ad-Hoc|ARM.Deploy.0 = Release|ARM
		{A86CBBFE-C1C4-44A1-B538-05DCB0DFE219}.Ad-Hoc|iPhone.ActiveCfg = Release|Any CPU
		{A86CBBFE-C1C4-44A1-B538-05DCB0DFE219}.Ad-Hoc|iPhone.Build.0 = Release|Any CPU
		{A86CBBFE-C1C4-44A1-B538-05DCB0DFE219}.Ad-Hoc|iPhone.Deploy.0 = Release|Any CPU
		{A86CBBFE-C1C4-44A1-B538-05DCB0DFE219}.Ad-Hoc|iPhoneSimulator.ActiveCfg = Release|Any CPU
		{A86CBBFE-C1C4-44A1-B538-05DCB0DFE219}.Ad-Hoc|iPhoneSimulator.Build.0 = Release|Any CPU
		{A86CBBFE-C1C4-44A1-B538-05DCB0DFE219}.Ad-Hoc|iPhoneSimulator.Deploy.0 = Release|Any CPU
		{A86CBBFE-C1C4-44A1-B538-05DCB0DFE219}.Ad-Hoc|x64.ActiveCfg = Release|Any CPU
		{A86CBBFE-C1C4-44A1-B538-05DCB0DFE219}.Ad-Hoc|x64.Build.0 = Release|Any CPU
		{A86CBBFE-C1C4-44A1-B538-05DCB0DFE219}.Ad-Hoc|x64.Deploy.0 = Release|Any CPU
		{A86CBBFE-C1C4-44A1-B538-05DCB0DFE219}.Ad-Hoc|x86.ActiveCfg = Release|x86
		{A86CBBFE-C1C4-44A1-B538-05DCB0DFE219}.Ad-Hoc|x86.Build.0 = Release|x86
		{A86CBBFE-C1C4-44A1-B538-05DCB0DFE219}.Ad-Hoc|x86.Deploy.0 = Release|x86
		{A86CBBFE-C1C4-44A1-B538-05DCB0DFE219}.AppStore|Any CPU.ActiveCfg = Release|Any CPU
		{A86CBBFE-C1C4-44A1-B538-05DCB0DFE219}.AppStore|Any CPU.Build.0 = Release|Any CPU
		{A86CBBFE-C1C4-44A1-B538-05DCB0DFE219}.AppStore|Any CPU.Deploy.0 = Release|Any CPU
		{A86CBBFE-C1C4-44A1-B538-05DCB0DFE219}.AppStore|ARM.ActiveCfg = Release|ARM
		{A86CBBFE-C1C4-44A1-B538-05DCB0DFE219}.AppStore|ARM.Build.0 = Release|ARM
		{A86CBBFE-C1C4-44A1-B538-05DCB0DFE219}.AppStore|ARM.Deploy.0 = Release|ARM
		{A86CBBFE-C1C4-44A1-B538-05DCB0DFE219}.AppStore|iPhone.ActiveCfg = Release|Any CPU
		{A86CBBFE-C1C4-44A1-B538-05DCB0DFE219}.AppStore|iPhone.Build.0 = Release|Any CPU
		{A86CBBFE-C1C4-44A1-B538-05DCB0DFE219}.AppStore|iPhone.Deploy.0 = Release|Any CPU
		{A86CBBFE-C1C4-44A1-B538-05DCB0DFE219}.AppStore|iPhoneSimulator.ActiveCfg = Release|Any CPU
		{A86CBBFE-C1C4-44A1-B538-05DCB0DFE219}.AppStore|iPhoneSimulator.Build.0 = Release|Any CPU
		{A86CBBFE-C1C4-44A1-B538-05DCB0DFE219}.AppStore|iPhoneSimulator.Deploy.0 = Release|Any CPU
		{A86CBBFE-C1C4-44A1-B538-05DCB0DFE219}.AppStore|x64.ActiveCfg = Release|Any CPU
		{A86CBBFE-C1C4-44A1-B538-05DCB0DFE219}.AppStore|x64.Build.0 = Release|Any CPU
		{A86CBBFE-C1C4-44A1-B538-05DCB0DFE219}.AppStore|x64.Deploy.0 = Release|Any CPU
		{A86CBBFE-C1C4-44A1-B538-05DCB0DFE219}.AppStore|x86.ActiveCfg = Release|x86
		{A86CBBFE-C1C4-44A1-B538-05DCB0DFE219}.AppStore|x86.Build.0 = Release|x86
		{A86CBBFE-C1C4-44A1-B538-05DCB0DFE219}.AppStore|x86.Deploy.0 = Release|x86
		{A86CBBFE-C1C4-44A1-B538-05DCB0DFE219}.Debug|Any CPU.ActiveCfg = Debug|Any CPU
		{A86CBBFE-C1C4-44A1-B538-05DCB0DFE219}.Debug|Any CPU.Build.0 = Debug|Any CPU
		{A86CBBFE-C1C4-44A1-B538-05DCB0DFE219}.Debug|Any CPU.Deploy.0 = Debug|Any CPU
		{A86CBBFE-C1C4-44A1-B538-05DCB0DFE219}.Debug|ARM.ActiveCfg = Debug|ARM
		{A86CBBFE-C1C4-44A1-B538-05DCB0DFE219}.Debug|ARM.Build.0 = Debug|ARM
		{A86CBBFE-C1C4-44A1-B538-05DCB0DFE219}.Debug|ARM.Deploy.0 = Debug|ARM
		{A86CBBFE-C1C4-44A1-B538-05DCB0DFE219}.Debug|iPhone.ActiveCfg = Debug|Any CPU
		{A86CBBFE-C1C4-44A1-B538-05DCB0DFE219}.Debug|iPhone.Build.0 = Debug|Any CPU
		{A86CBBFE-C1C4-44A1-B538-05DCB0DFE219}.Debug|iPhone.Deploy.0 = Debug|Any CPU
		{A86CBBFE-C1C4-44A1-B538-05DCB0DFE219}.Debug|iPhoneSimulator.ActiveCfg = Debug|Any CPU
		{A86CBBFE-C1C4-44A1-B538-05DCB0DFE219}.Debug|iPhoneSimulator.Build.0 = Debug|Any CPU
		{A86CBBFE-C1C4-44A1-B538-05DCB0DFE219}.Debug|iPhoneSimulator.Deploy.0 = Debug|Any CPU
		{A86CBBFE-C1C4-44A1-B538-05DCB0DFE219}.Debug|x64.ActiveCfg = Debug|Any CPU
		{A86CBBFE-C1C4-44A1-B538-05DCB0DFE219}.Debug|x64.Build.0 = Debug|Any CPU
		{A86CBBFE-C1C4-44A1-B538-05DCB0DFE219}.Debug|x64.Deploy.0 = Debug|Any CPU
		{A86CBBFE-C1C4-44A1-B538-05DCB0DFE219}.Debug|x86.ActiveCfg = Debug|x86
		{A86CBBFE-C1C4-44A1-B538-05DCB0DFE219}.Debug|x86.Build.0 = Debug|x86
		{A86CBBFE-C1C4-44A1-B538-05DCB0DFE219}.Debug|x86.Deploy.0 = Debug|x86
		{A86CBBFE-C1C4-44A1-B538-05DCB0DFE219}.Release|Any CPU.ActiveCfg = Release|Any CPU
		{A86CBBFE-C1C4-44A1-B538-05DCB0DFE219}.Release|Any CPU.Build.0 = Release|Any CPU
		{A86CBBFE-C1C4-44A1-B538-05DCB0DFE219}.Release|Any CPU.Deploy.0 = Release|Any CPU
		{A86CBBFE-C1C4-44A1-B538-05DCB0DFE219}.Release|ARM.ActiveCfg = Release|ARM
		{A86CBBFE-C1C4-44A1-B538-05DCB0DFE219}.Release|ARM.Build.0 = Release|ARM
		{A86CBBFE-C1C4-44A1-B538-05DCB0DFE219}.Release|ARM.Deploy.0 = Release|ARM
		{A86CBBFE-C1C4-44A1-B538-05DCB0DFE219}.Release|iPhone.ActiveCfg = Release|Any CPU
		{A86CBBFE-C1C4-44A1-B538-05DCB0DFE219}.Release|iPhone.Build.0 = Release|Any CPU
		{A86CBBFE-C1C4-44A1-B538-05DCB0DFE219}.Release|iPhone.Deploy.0 = Release|Any CPU
		{A86CBBFE-C1C4-44A1-B538-05DCB0DFE219}.Release|iPhoneSimulator.ActiveCfg = Release|Any CPU
		{A86CBBFE-C1C4-44A1-B538-05DCB0DFE219}.Release|iPhoneSimulator.Build.0 = Release|Any CPU
		{A86CBBFE-C1C4-44A1-B538-05DCB0DFE219}.Release|iPhoneSimulator.Deploy.0 = Release|Any CPU
		{A86CBBFE-C1C4-44A1-B538-05DCB0DFE219}.Release|x64.ActiveCfg = Release|Any CPU
		{A86CBBFE-C1C4-44A1-B538-05DCB0DFE219}.Release|x64.Build.0 = Release|Any CPU
		{A86CBBFE-C1C4-44A1-B538-05DCB0DFE219}.Release|x64.Deploy.0 = Release|Any CPU
		{A86CBBFE-C1C4-44A1-B538-05DCB0DFE219}.Release|x86.ActiveCfg = Release|x86
		{A86CBBFE-C1C4-44A1-B538-05DCB0DFE219}.Release|x86.Build.0 = Release|x86
		{A86CBBFE-C1C4-44A1-B538-05DCB0DFE219}.Release|x86.Deploy.0 = Release|x86
		{0993CAE9-D8B2-4E4D-B165-13AB16499099}.Ad-Hoc|Any CPU.ActiveCfg = Release|x86
		{0993CAE9-D8B2-4E4D-B165-13AB16499099}.Ad-Hoc|Any CPU.Build.0 = Release|x86
		{0993CAE9-D8B2-4E4D-B165-13AB16499099}.Ad-Hoc|Any CPU.Deploy.0 = Release|x86
		{0993CAE9-D8B2-4E4D-B165-13AB16499099}.Ad-Hoc|ARM.ActiveCfg = Release|ARM
		{0993CAE9-D8B2-4E4D-B165-13AB16499099}.Ad-Hoc|ARM.Build.0 = Release|ARM
		{0993CAE9-D8B2-4E4D-B165-13AB16499099}.Ad-Hoc|ARM.Deploy.0 = Release|ARM
		{0993CAE9-D8B2-4E4D-B165-13AB16499099}.Ad-Hoc|iPhone.ActiveCfg = Release|x86
		{0993CAE9-D8B2-4E4D-B165-13AB16499099}.Ad-Hoc|iPhone.Build.0 = Release|x86
		{0993CAE9-D8B2-4E4D-B165-13AB16499099}.Ad-Hoc|iPhone.Deploy.0 = Release|x86
		{0993CAE9-D8B2-4E4D-B165-13AB16499099}.Ad-Hoc|iPhoneSimulator.ActiveCfg = Release|x86
		{0993CAE9-D8B2-4E4D-B165-13AB16499099}.Ad-Hoc|iPhoneSimulator.Build.0 = Release|x86
		{0993CAE9-D8B2-4E4D-B165-13AB16499099}.Ad-Hoc|iPhoneSimulator.Deploy.0 = Release|x86
		{0993CAE9-D8B2-4E4D-B165-13AB16499099}.Ad-Hoc|x64.ActiveCfg = Release|x64
		{0993CAE9-D8B2-4E4D-B165-13AB16499099}.Ad-Hoc|x64.Build.0 = Release|x64
		{0993CAE9-D8B2-4E4D-B165-13AB16499099}.Ad-Hoc|x64.Deploy.0 = Release|x64
		{0993CAE9-D8B2-4E4D-B165-13AB16499099}.Ad-Hoc|x86.ActiveCfg = Release|x86
		{0993CAE9-D8B2-4E4D-B165-13AB16499099}.Ad-Hoc|x86.Build.0 = Release|x86
		{0993CAE9-D8B2-4E4D-B165-13AB16499099}.Ad-Hoc|x86.Deploy.0 = Release|x86
		{0993CAE9-D8B2-4E4D-B165-13AB16499099}.AppStore|Any CPU.ActiveCfg = Release|x86
		{0993CAE9-D8B2-4E4D-B165-13AB16499099}.AppStore|Any CPU.Build.0 = Release|x86
		{0993CAE9-D8B2-4E4D-B165-13AB16499099}.AppStore|Any CPU.Deploy.0 = Release|x86
		{0993CAE9-D8B2-4E4D-B165-13AB16499099}.AppStore|ARM.ActiveCfg = Release|ARM
		{0993CAE9-D8B2-4E4D-B165-13AB16499099}.AppStore|ARM.Build.0 = Release|ARM
		{0993CAE9-D8B2-4E4D-B165-13AB16499099}.AppStore|ARM.Deploy.0 = Release|ARM
		{0993CAE9-D8B2-4E4D-B165-13AB16499099}.AppStore|iPhone.ActiveCfg = Release|x86
		{0993CAE9-D8B2-4E4D-B165-13AB16499099}.AppStore|iPhone.Build.0 = Release|x86
		{0993CAE9-D8B2-4E4D-B165-13AB16499099}.AppStore|iPhone.Deploy.0 = Release|x86
		{0993CAE9-D8B2-4E4D-B165-13AB16499099}.AppStore|iPhoneSimulator.ActiveCfg = Release|x86
		{0993CAE9-D8B2-4E4D-B165-13AB16499099}.AppStore|iPhoneSimulator.Build.0 = Release|x86
		{0993CAE9-D8B2-4E4D-B165-13AB16499099}.AppStore|iPhoneSimulator.Deploy.0 = Release|x86
		{0993CAE9-D8B2-4E4D-B165-13AB16499099}.AppStore|x64.ActiveCfg = Release|x64
		{0993CAE9-D8B2-4E4D-B165-13AB16499099}.AppStore|x64.Build.0 = Release|x64
		{0993CAE9-D8B2-4E4D-B165-13AB16499099}.AppStore|x64.Deploy.0 = Release|x64
		{0993CAE9-D8B2-4E4D-B165-13AB16499099}.AppStore|x86.ActiveCfg = Release|x86
		{0993CAE9-D8B2-4E4D-B165-13AB16499099}.AppStore|x86.Build.0 = Release|x86
		{0993CAE9-D8B2-4E4D-B165-13AB16499099}.AppStore|x86.Deploy.0 = Release|x86
		{0993CAE9-D8B2-4E4D-B165-13AB16499099}.Debug|Any CPU.ActiveCfg = Debug|x86
		{0993CAE9-D8B2-4E4D-B165-13AB16499099}.Debug|ARM.ActiveCfg = Debug|ARM
		{0993CAE9-D8B2-4E4D-B165-13AB16499099}.Debug|ARM.Build.0 = Debug|ARM
		{0993CAE9-D8B2-4E4D-B165-13AB16499099}.Debug|ARM.Deploy.0 = Debug|ARM
		{0993CAE9-D8B2-4E4D-B165-13AB16499099}.Debug|iPhone.ActiveCfg = Debug|x86
		{0993CAE9-D8B2-4E4D-B165-13AB16499099}.Debug|iPhoneSimulator.ActiveCfg = Debug|x86
		{0993CAE9-D8B2-4E4D-B165-13AB16499099}.Debug|x64.ActiveCfg = Debug|x64
		{0993CAE9-D8B2-4E4D-B165-13AB16499099}.Debug|x64.Build.0 = Debug|x64
		{0993CAE9-D8B2-4E4D-B165-13AB16499099}.Debug|x64.Deploy.0 = Debug|x64
		{0993CAE9-D8B2-4E4D-B165-13AB16499099}.Debug|x86.ActiveCfg = Debug|x86
		{0993CAE9-D8B2-4E4D-B165-13AB16499099}.Debug|x86.Build.0 = Debug|x86
		{0993CAE9-D8B2-4E4D-B165-13AB16499099}.Debug|x86.Deploy.0 = Debug|x86
		{0993CAE9-D8B2-4E4D-B165-13AB16499099}.Release|Any CPU.ActiveCfg = Release|x86
		{0993CAE9-D8B2-4E4D-B165-13AB16499099}.Release|ARM.ActiveCfg = Release|ARM
		{0993CAE9-D8B2-4E4D-B165-13AB16499099}.Release|ARM.Build.0 = Release|ARM
		{0993CAE9-D8B2-4E4D-B165-13AB16499099}.Release|ARM.Deploy.0 = Release|ARM
		{0993CAE9-D8B2-4E4D-B165-13AB16499099}.Release|iPhone.ActiveCfg = Release|x86
		{0993CAE9-D8B2-4E4D-B165-13AB16499099}.Release|iPhoneSimulator.ActiveCfg = Release|x86
		{0993CAE9-D8B2-4E4D-B165-13AB16499099}.Release|x64.ActiveCfg = Release|x64
		{0993CAE9-D8B2-4E4D-B165-13AB16499099}.Release|x64.Build.0 = Release|x64
		{0993CAE9-D8B2-4E4D-B165-13AB16499099}.Release|x64.Deploy.0 = Release|x64
		{0993CAE9-D8B2-4E4D-B165-13AB16499099}.Release|x86.ActiveCfg = Release|x86
		{0993CAE9-D8B2-4E4D-B165-13AB16499099}.Release|x86.Build.0 = Release|x86
		{0993CAE9-D8B2-4E4D-B165-13AB16499099}.Release|x86.Deploy.0 = Release|x86
		{CF8705F0-3650-4EC3-A4AB-05ADA012567A}.Ad-Hoc|Any CPU.ActiveCfg = Release|Any CPU
		{CF8705F0-3650-4EC3-A4AB-05ADA012567A}.Ad-Hoc|Any CPU.Build.0 = Release|Any CPU
		{CF8705F0-3650-4EC3-A4AB-05ADA012567A}.Ad-Hoc|Any CPU.Deploy.0 = Release|Any CPU
		{CF8705F0-3650-4EC3-A4AB-05ADA012567A}.Ad-Hoc|ARM.ActiveCfg = Release|ARM
		{CF8705F0-3650-4EC3-A4AB-05ADA012567A}.Ad-Hoc|ARM.Build.0 = Release|ARM
		{CF8705F0-3650-4EC3-A4AB-05ADA012567A}.Ad-Hoc|ARM.Deploy.0 = Release|ARM
		{CF8705F0-3650-4EC3-A4AB-05ADA012567A}.Ad-Hoc|iPhone.ActiveCfg = Release|Any CPU
		{CF8705F0-3650-4EC3-A4AB-05ADA012567A}.Ad-Hoc|iPhone.Build.0 = Release|Any CPU
		{CF8705F0-3650-4EC3-A4AB-05ADA012567A}.Ad-Hoc|iPhone.Deploy.0 = Release|Any CPU
		{CF8705F0-3650-4EC3-A4AB-05ADA012567A}.Ad-Hoc|iPhoneSimulator.ActiveCfg = Release|Any CPU
		{CF8705F0-3650-4EC3-A4AB-05ADA012567A}.Ad-Hoc|iPhoneSimulator.Build.0 = Release|Any CPU
		{CF8705F0-3650-4EC3-A4AB-05ADA012567A}.Ad-Hoc|iPhoneSimulator.Deploy.0 = Release|Any CPU
		{CF8705F0-3650-4EC3-A4AB-05ADA012567A}.Ad-Hoc|x64.ActiveCfg = Release|x64
		{CF8705F0-3650-4EC3-A4AB-05ADA012567A}.Ad-Hoc|x64.Build.0 = Release|x64
		{CF8705F0-3650-4EC3-A4AB-05ADA012567A}.Ad-Hoc|x64.Deploy.0 = Release|x64
		{CF8705F0-3650-4EC3-A4AB-05ADA012567A}.Ad-Hoc|x86.ActiveCfg = Release|x86
		{CF8705F0-3650-4EC3-A4AB-05ADA012567A}.Ad-Hoc|x86.Build.0 = Release|x86
		{CF8705F0-3650-4EC3-A4AB-05ADA012567A}.Ad-Hoc|x86.Deploy.0 = Release|x86
		{CF8705F0-3650-4EC3-A4AB-05ADA012567A}.AppStore|Any CPU.ActiveCfg = Release|Any CPU
		{CF8705F0-3650-4EC3-A4AB-05ADA012567A}.AppStore|Any CPU.Build.0 = Release|Any CPU
		{CF8705F0-3650-4EC3-A4AB-05ADA012567A}.AppStore|Any CPU.Deploy.0 = Release|Any CPU
		{CF8705F0-3650-4EC3-A4AB-05ADA012567A}.AppStore|ARM.ActiveCfg = Release|ARM
		{CF8705F0-3650-4EC3-A4AB-05ADA012567A}.AppStore|ARM.Build.0 = Release|ARM
		{CF8705F0-3650-4EC3-A4AB-05ADA012567A}.AppStore|ARM.Deploy.0 = Release|ARM
		{CF8705F0-3650-4EC3-A4AB-05ADA012567A}.AppStore|iPhone.ActiveCfg = Release|Any CPU
		{CF8705F0-3650-4EC3-A4AB-05ADA012567A}.AppStore|iPhone.Build.0 = Release|Any CPU
		{CF8705F0-3650-4EC3-A4AB-05ADA012567A}.AppStore|iPhone.Deploy.0 = Release|Any CPU
		{CF8705F0-3650-4EC3-A4AB-05ADA012567A}.AppStore|iPhoneSimulator.ActiveCfg = Release|Any CPU
		{CF8705F0-3650-4EC3-A4AB-05ADA012567A}.AppStore|iPhoneSimulator.Build.0 = Release|Any CPU
		{CF8705F0-3650-4EC3-A4AB-05ADA012567A}.AppStore|iPhoneSimulator.Deploy.0 = Release|Any CPU
		{CF8705F0-3650-4EC3-A4AB-05ADA012567A}.AppStore|x64.ActiveCfg = Release|x64
		{CF8705F0-3650-4EC3-A4AB-05ADA012567A}.AppStore|x64.Build.0 = Release|x64
		{CF8705F0-3650-4EC3-A4AB-05ADA012567A}.AppStore|x64.Deploy.0 = Release|x64
		{CF8705F0-3650-4EC3-A4AB-05ADA012567A}.AppStore|x86.ActiveCfg = Release|x86
		{CF8705F0-3650-4EC3-A4AB-05ADA012567A}.AppStore|x86.Build.0 = Release|x86
		{CF8705F0-3650-4EC3-A4AB-05ADA012567A}.AppStore|x86.Deploy.0 = Release|x86
		{CF8705F0-3650-4EC3-A4AB-05ADA012567A}.Debug|Any CPU.ActiveCfg = Debug|Any CPU
		{CF8705F0-3650-4EC3-A4AB-05ADA012567A}.Debug|Any CPU.Build.0 = Debug|Any CPU
		{CF8705F0-3650-4EC3-A4AB-05ADA012567A}.Debug|Any CPU.Deploy.0 = Debug|Any CPU
		{CF8705F0-3650-4EC3-A4AB-05ADA012567A}.Debug|ARM.ActiveCfg = Debug|ARM
		{CF8705F0-3650-4EC3-A4AB-05ADA012567A}.Debug|ARM.Build.0 = Debug|ARM
		{CF8705F0-3650-4EC3-A4AB-05ADA012567A}.Debug|ARM.Deploy.0 = Debug|ARM
		{CF8705F0-3650-4EC3-A4AB-05ADA012567A}.Debug|iPhone.ActiveCfg = Debug|Any CPU
		{CF8705F0-3650-4EC3-A4AB-05ADA012567A}.Debug|iPhone.Build.0 = Debug|Any CPU
		{CF8705F0-3650-4EC3-A4AB-05ADA012567A}.Debug|iPhone.Deploy.0 = Debug|Any CPU
		{CF8705F0-3650-4EC3-A4AB-05ADA012567A}.Debug|iPhoneSimulator.ActiveCfg = Debug|Any CPU
		{CF8705F0-3650-4EC3-A4AB-05ADA012567A}.Debug|iPhoneSimulator.Build.0 = Debug|Any CPU
		{CF8705F0-3650-4EC3-A4AB-05ADA012567A}.Debug|iPhoneSimulator.Deploy.0 = Debug|Any CPU
		{CF8705F0-3650-4EC3-A4AB-05ADA012567A}.Debug|x64.ActiveCfg = Debug|x64
		{CF8705F0-3650-4EC3-A4AB-05ADA012567A}.Debug|x64.Build.0 = Debug|x64
		{CF8705F0-3650-4EC3-A4AB-05ADA012567A}.Debug|x64.Deploy.0 = Debug|x64
		{CF8705F0-3650-4EC3-A4AB-05ADA012567A}.Debug|x86.ActiveCfg = Debug|x86
		{CF8705F0-3650-4EC3-A4AB-05ADA012567A}.Debug|x86.Build.0 = Debug|x86
		{CF8705F0-3650-4EC3-A4AB-05ADA012567A}.Debug|x86.Deploy.0 = Debug|x86
		{CF8705F0-3650-4EC3-A4AB-05ADA012567A}.Release|Any CPU.ActiveCfg = Release|Any CPU
		{CF8705F0-3650-4EC3-A4AB-05ADA012567A}.Release|Any CPU.Build.0 = Release|Any CPU
		{CF8705F0-3650-4EC3-A4AB-05ADA012567A}.Release|Any CPU.Deploy.0 = Release|Any CPU
		{CF8705F0-3650-4EC3-A4AB-05ADA012567A}.Release|ARM.ActiveCfg = Release|ARM
		{CF8705F0-3650-4EC3-A4AB-05ADA012567A}.Release|ARM.Build.0 = Release|ARM
		{CF8705F0-3650-4EC3-A4AB-05ADA012567A}.Release|ARM.Deploy.0 = Release|ARM
		{CF8705F0-3650-4EC3-A4AB-05ADA012567A}.Release|iPhone.ActiveCfg = Release|Any CPU
		{CF8705F0-3650-4EC3-A4AB-05ADA012567A}.Release|iPhone.Build.0 = Release|Any CPU
		{CF8705F0-3650-4EC3-A4AB-05ADA012567A}.Release|iPhone.Deploy.0 = Release|Any CPU
		{CF8705F0-3650-4EC3-A4AB-05ADA012567A}.Release|iPhoneSimulator.ActiveCfg = Release|Any CPU
		{CF8705F0-3650-4EC3-A4AB-05ADA012567A}.Release|iPhoneSimulator.Build.0 = Release|Any CPU
		{CF8705F0-3650-4EC3-A4AB-05ADA012567A}.Release|iPhoneSimulator.Deploy.0 = Release|Any CPU
		{CF8705F0-3650-4EC3-A4AB-05ADA012567A}.Release|x64.ActiveCfg = Release|x64
		{CF8705F0-3650-4EC3-A4AB-05ADA012567A}.Release|x64.Build.0 = Release|x64
		{CF8705F0-3650-4EC3-A4AB-05ADA012567A}.Release|x64.Deploy.0 = Release|x64
		{CF8705F0-3650-4EC3-A4AB-05ADA012567A}.Release|x86.ActiveCfg = Release|x86
		{CF8705F0-3650-4EC3-A4AB-05ADA012567A}.Release|x86.Build.0 = Release|x86
		{CF8705F0-3650-4EC3-A4AB-05ADA012567A}.Release|x86.Deploy.0 = Release|x86
	EndGlobalSection
	GlobalSection(SolutionProperties) = preSolution
		HideSolutionNode = FALSE
	EndGlobalSection
EndGlobal
